// !$*UTF8*$!
{
	archiveVersion = 1;
	classes = {
	};
	objectVersion = 50;
	objects = {

/* Begin PBXBuildFile section */
		1B19260825D206EF000B2035 /* AppDelegate.swift in Sources */ = {isa = PBXBuildFile; fileRef = 1B19260725D206EF000B2035 /* AppDelegate.swift */; };
		1B19260A25D206EF000B2035 /* SceneDelegate.swift in Sources */ = {isa = PBXBuildFile; fileRef = 1B19260925D206EF000B2035 /* SceneDelegate.swift */; };
		1B19260C25D206EF000B2035 /* ViewController.swift in Sources */ = {isa = PBXBuildFile; fileRef = 1B19260B25D206EF000B2035 /* ViewController.swift */; };
		1B19260F25D206EF000B2035 /* Main.storyboard in Resources */ = {isa = PBXBuildFile; fileRef = 1B19260D25D206EF000B2035 /* Main.storyboard */; };
		1B19261225D206EF000B2035 /* GeekSeat.xcdatamodeld in Sources */ = {isa = PBXBuildFile; fileRef = 1B19261025D206EF000B2035 /* GeekSeat.xcdatamodeld */; };
		1B19261425D206F2000B2035 /* Assets.xcassets in Resources */ = {isa = PBXBuildFile; fileRef = 1B19261325D206F2000B2035 /* Assets.xcassets */; };
		1B19261725D206F2000B2035 /* LaunchScreen.storyboard in Resources */ = {isa = PBXBuildFile; fileRef = 1B19261525D206F2000B2035 /* LaunchScreen.storyboard */; };
		1B19262225D206F2000B2035 /* GeekSeatTests.swift in Sources */ = {isa = PBXBuildFile; fileRef = 1B19262125D206F2000B2035 /* GeekSeatTests.swift */; };
		1B19262D25D206F2000B2035 /* GeekSeatUITests.swift in Sources */ = {isa = PBXBuildFile; fileRef = 1B19262C25D206F2000B2035 /* GeekSeatUITests.swift */; };
/* End PBXBuildFile section */

/* Begin PBXContainerItemProxy section */
		1B19261E25D206F2000B2035 /* PBXContainerItemProxy */ = {
			isa = PBXContainerItemProxy;
			containerPortal = 1B1925FC25D206EF000B2035 /* Project object */;
			proxyType = 1;
			remoteGlobalIDString = 1B19260325D206EF000B2035;
			remoteInfo = GeekSeat;
		};
		1B19262925D206F2000B2035 /* PBXContainerItemProxy */ = {
			isa = PBXContainerItemProxy;
			containerPortal = 1B1925FC25D206EF000B2035 /* Project object */;
			proxyType = 1;
			remoteGlobalIDString = 1B19260325D206EF000B2035;
			remoteInfo = GeekSeat;
		};
/* End PBXContainerItemProxy section */

/* Begin PBXFileReference section */
		1B19260425D206EF000B2035 /* GeekSeat.app */ = {isa = PBXFileReference; explicitFileType = wrapper.application; includeInIndex = 0; path = GeekSeat.app; sourceTree = BUILT_PRODUCTS_DIR; };
		1B19260725D206EF000B2035 /* AppDelegate.swift */ = {isa = PBXFileReference; lastKnownFileType = sourcecode.swift; path = AppDelegate.swift; sourceTree = "<group>"; };
		1B19260925D206EF000B2035 /* SceneDelegate.swift */ = {isa = PBXFileReference; lastKnownFileType = sourcecode.swift; path = SceneDelegate.swift; sourceTree = "<group>"; };
		1B19260B25D206EF000B2035 /* ViewController.swift */ = {isa = PBXFileReference; lastKnownFileType = sourcecode.swift; path = ViewController.swift; sourceTree = "<group>"; };
		1B19260E25D206EF000B2035 /* Base */ = {isa = PBXFileReference; lastKnownFileType = file.storyboard; name = Base; path = Base.lproj/Main.storyboard; sourceTree = "<group>"; };
		1B19261125D206EF000B2035 /* GeekSeat.xcdatamodel */ = {isa = PBXFileReference; lastKnownFileType = wrapper.xcdatamodel; path = GeekSeat.xcdatamodel; sourceTree = "<group>"; };
		1B19261325D206F2000B2035 /* Assets.xcassets */ = {isa = PBXFileReference; lastKnownFileType = folder.assetcatalog; path = Assets.xcassets; sourceTree = "<group>"; };
		1B19261625D206F2000B2035 /* Base */ = {isa = PBXFileReference; lastKnownFileType = file.storyboard; name = Base; path = Base.lproj/LaunchScreen.storyboard; sourceTree = "<group>"; };
		1B19261825D206F2000B2035 /* Info.plist */ = {isa = PBXFileReference; lastKnownFileType = text.plist.xml; path = Info.plist; sourceTree = "<group>"; };
		1B19261D25D206F2000B2035 /* GeekSeatTests.xctest */ = {isa = PBXFileReference; explicitFileType = wrapper.cfbundle; includeInIndex = 0; path = GeekSeatTests.xctest; sourceTree = BUILT_PRODUCTS_DIR; };
		1B19262125D206F2000B2035 /* GeekSeatTests.swift */ = {isa = PBXFileReference; lastKnownFileType = sourcecode.swift; path = GeekSeatTests.swift; sourceTree = "<group>"; };
		1B19262325D206F2000B2035 /* Info.plist */ = {isa = PBXFileReference; lastKnownFileType = text.plist.xml; path = Info.plist; sourceTree = "<group>"; };
		1B19262825D206F2000B2035 /* GeekSeatUITests.xctest */ = {isa = PBXFileReference; explicitFileType = wrapper.cfbundle; includeInIndex = 0; path = GeekSeatUITests.xctest; sourceTree = BUILT_PRODUCTS_DIR; };
		1B19262C25D206F2000B2035 /* GeekSeatUITests.swift */ = {isa = PBXFileReference; lastKnownFileType = sourcecode.swift; path = GeekSeatUITests.swift; sourceTree = "<group>"; };
		1B19262E25D206F2000B2035 /* Info.plist */ = {isa = PBXFileReference; lastKnownFileType = text.plist.xml; path = Info.plist; sourceTree = "<group>"; };
/* End PBXFileReference section */

/* Begin PBXFrameworksBuildPhase section */
		1B19260125D206EF000B2035 /* Frameworks */ = {
			isa = PBXFrameworksBuildPhase;
			buildActionMask = 2147483647;
			files = (
			);
			runOnlyForDeploymentPostprocessing = 0;
		};
		1B19261A25D206F2000B2035 /* Frameworks */ = {
			isa = PBXFrameworksBuildPhase;
			buildActionMask = 2147483647;
			files = (
			);
			runOnlyForDeploymentPostprocessing = 0;
		};
		1B19262525D206F2000B2035 /* Frameworks */ = {
			isa = PBXFrameworksBuildPhase;
			buildActionMask = 2147483647;
			files = (
			);
			runOnlyForDeploymentPostprocessing = 0;
		};
/* End PBXFrameworksBuildPhase section */

/* Begin PBXGroup section */
		1B1925FB25D206EF000B2035 = {
			isa = PBXGroup;
			children = (
				1B19260625D206EF000B2035 /* GeekSeat */,
				1B19262025D206F2000B2035 /* GeekSeatTests */,
				1B19262B25D206F2000B2035 /* GeekSeatUITests */,
				1B19260525D206EF000B2035 /* Products */,
			);
			sourceTree = "<group>";
		};
		1B19260525D206EF000B2035 /* Products */ = {
			isa = PBXGroup;
			children = (
				1B19260425D206EF000B2035 /* GeekSeat.app */,
				1B19261D25D206F2000B2035 /* GeekSeatTests.xctest */,
				1B19262825D206F2000B2035 /* GeekSeatUITests.xctest */,
			);
			name = Products;
			sourceTree = "<group>";
		};
		1B19260625D206EF000B2035 /* GeekSeat */ = {
			isa = PBXGroup;
			children = (
				1B19260725D206EF000B2035 /* AppDelegate.swift */,
				1B19260925D206EF000B2035 /* SceneDelegate.swift */,
				1B19260B25D206EF000B2035 /* ViewController.swift */,
				1B19260D25D206EF000B2035 /* Main.storyboard */,
				1B19261325D206F2000B2035 /* Assets.xcassets */,
				1B19261525D206F2000B2035 /* LaunchScreen.storyboard */,
				1B19261825D206F2000B2035 /* Info.plist */,
				1B19261025D206EF000B2035 /* GeekSeat.xcdatamodeld */,
			);
			path = GeekSeat;
			sourceTree = "<group>";
		};
		1B19262025D206F2000B2035 /* GeekSeatTests */ = {
			isa = PBXGroup;
			children = (
				1B19262125D206F2000B2035 /* GeekSeatTests.swift */,
				1B19262325D206F2000B2035 /* Info.plist */,
			);
			path = GeekSeatTests;
			sourceTree = "<group>";
		};
		1B19262B25D206F2000B2035 /* GeekSeatUITests */ = {
			isa = PBXGroup;
			children = (
				1B19262C25D206F2000B2035 /* GeekSeatUITests.swift */,
				1B19262E25D206F2000B2035 /* Info.plist */,
			);
			path = GeekSeatUITests;
			sourceTree = "<group>";
		};
/* End PBXGroup section */

/* Begin PBXNativeTarget section */
		1B19260325D206EF000B2035 /* GeekSeat */ = {
			isa = PBXNativeTarget;
			buildConfigurationList = 1B19263125D206F2000B2035 /* Build configuration list for PBXNativeTarget "GeekSeat" */;
			buildPhases = (
				1B19260025D206EF000B2035 /* Sources */,
				1B19260125D206EF000B2035 /* Frameworks */,
				1B19260225D206EF000B2035 /* Resources */,
			);
			buildRules = (
			);
			dependencies = (
			);
			name = GeekSeat;
			productName = GeekSeat;
			productReference = 1B19260425D206EF000B2035 /* GeekSeat.app */;
			productType = "com.apple.product-type.application";
		};
		1B19261C25D206F2000B2035 /* GeekSeatTests */ = {
			isa = PBXNativeTarget;
			buildConfigurationList = 1B19263425D206F2000B2035 /* Build configuration list for PBXNativeTarget "GeekSeatTests" */;
			buildPhases = (
				1B19261925D206F2000B2035 /* Sources */,
				1B19261A25D206F2000B2035 /* Frameworks */,
				1B19261B25D206F2000B2035 /* Resources */,
			);
			buildRules = (
			);
			dependencies = (
				1B19261F25D206F2000B2035 /* PBXTargetDependency */,
			);
			name = GeekSeatTests;
			productName = GeekSeatTests;
			productReference = 1B19261D25D206F2000B2035 /* GeekSeatTests.xctest */;
			productType = "com.apple.product-type.bundle.unit-test";
		};
		1B19262725D206F2000B2035 /* GeekSeatUITests */ = {
			isa = PBXNativeTarget;
			buildConfigurationList = 1B19263725D206F2000B2035 /* Build configuration list for PBXNativeTarget "GeekSeatUITests" */;
			buildPhases = (
				1B19262425D206F2000B2035 /* Sources */,
				1B19262525D206F2000B2035 /* Frameworks */,
				1B19262625D206F2000B2035 /* Resources */,
			);
			buildRules = (
			);
			dependencies = (
				1B19262A25D206F2000B2035 /* PBXTargetDependency */,
			);
			name = GeekSeatUITests;
			productName = GeekSeatUITests;
			productReference = 1B19262825D206F2000B2035 /* GeekSeatUITests.xctest */;
			productType = "com.apple.product-type.bundle.ui-testing";
		};
/* End PBXNativeTarget section */

/* Begin PBXProject section */
		1B1925FC25D206EF000B2035 /* Project object */ = {
			isa = PBXProject;
			attributes = {
				LastSwiftUpdateCheck = 1240;
				LastUpgradeCheck = 1240;
				TargetAttributes = {
					1B19260325D206EF000B2035 = {
						CreatedOnToolsVersion = 12.4;
					};
					1B19261C25D206F2000B2035 = {
						CreatedOnToolsVersion = 12.4;
						TestTargetID = 1B19260325D206EF000B2035;
					};
					1B19262725D206F2000B2035 = {
						CreatedOnToolsVersion = 12.4;
						TestTargetID = 1B19260325D206EF000B2035;
					};
				};
			};
			buildConfigurationList = 1B1925FF25D206EF000B2035 /* Build configuration list for PBXProject "GeekSeat" */;
			compatibilityVersion = "Xcode 9.3";
			developmentRegion = en;
			hasScannedForEncodings = 0;
			knownRegions = (
				en,
				Base,
			);
			mainGroup = 1B1925FB25D206EF000B2035;
			productRefGroup = 1B19260525D206EF000B2035 /* Products */;
			projectDirPath = "";
			projectRoot = "";
			targets = (
				1B19260325D206EF000B2035 /* GeekSeat */,
				1B19261C25D206F2000B2035 /* GeekSeatTests */,
				1B19262725D206F2000B2035 /* GeekSeatUITests */,
			);
		};
/* End PBXProject section */

/* Begin PBXResourcesBuildPhase section */
		1B19260225D206EF000B2035 /* Resources */ = {
			isa = PBXResourcesBuildPhase;
			buildActionMask = 2147483647;
			files = (
				1B19261725D206F2000B2035 /* LaunchScreen.storyboard in Resources */,
				1B19261425D206F2000B2035 /* Assets.xcassets in Resources */,
				1B19260F25D206EF000B2035 /* Main.storyboard in Resources */,
			);
			runOnlyForDeploymentPostprocessing = 0;
		};
		1B19261B25D206F2000B2035 /* Resources */ = {
			isa = PBXResourcesBuildPhase;
			buildActionMask = 2147483647;
			files = (
			);
			runOnlyForDeploymentPostprocessing = 0;
		};
		1B19262625D206F2000B2035 /* Resources */ = {
			isa = PBXResourcesBuildPhase;
			buildActionMask = 2147483647;
			files = (
			);
			runOnlyForDeploymentPostprocessing = 0;
		};
/* End PBXResourcesBuildPhase section */

/* Begin PBXSourcesBuildPhase section */
		1B19260025D206EF000B2035 /* Sources */ = {
			isa = PBXSourcesBuildPhase;
			buildActionMask = 2147483647;
			files = (
				1B19260C25D206EF000B2035 /* ViewController.swift in Sources */,
				1B19260825D206EF000B2035 /* AppDelegate.swift in Sources */,
				1B19261225D206EF000B2035 /* GeekSeat.xcdatamodeld in Sources */,
				1B19260A25D206EF000B2035 /* SceneDelegate.swift in Sources */,
			);
			runOnlyForDeploymentPostprocessing = 0;
		};
		1B19261925D206F2000B2035 /* Sources */ = {
			isa = PBXSourcesBuildPhase;
			buildActionMask = 2147483647;
			files = (
				1B19262225D206F2000B2035 /* GeekSeatTests.swift in Sources */,
			);
			runOnlyForDeploymentPostprocessing = 0;
		};
		1B19262425D206F2000B2035 /* Sources */ = {
			isa = PBXSourcesBuildPhase;
			buildActionMask = 2147483647;
			files = (
				1B19262D25D206F2000B2035 /* GeekSeatUITests.swift in Sources */,
			);
			runOnlyForDeploymentPostprocessing = 0;
		};
/* End PBXSourcesBuildPhase section */

/* Begin PBXTargetDependency section */
		1B19261F25D206F2000B2035 /* PBXTargetDependency */ = {
			isa = PBXTargetDependency;
			target = 1B19260325D206EF000B2035 /* GeekSeat */;
			targetProxy = 1B19261E25D206F2000B2035 /* PBXContainerItemProxy */;
		};
		1B19262A25D206F2000B2035 /* PBXTargetDependency */ = {
			isa = PBXTargetDependency;
			target = 1B19260325D206EF000B2035 /* GeekSeat */;
			targetProxy = 1B19262925D206F2000B2035 /* PBXContainerItemProxy */;
		};
/* End PBXTargetDependency section */

/* Begin PBXVariantGroup section */
		1B19260D25D206EF000B2035 /* Main.storyboard */ = {
			isa = PBXVariantGroup;
			children = (
				1B19260E25D206EF000B2035 /* Base */,
			);
			name = Main.storyboard;
			sourceTree = "<group>";
		};
		1B19261525D206F2000B2035 /* LaunchScreen.storyboard */ = {
			isa = PBXVariantGroup;
			children = (
				1B19261625D206F2000B2035 /* Base */,
			);
			name = LaunchScreen.storyboard;
			sourceTree = "<group>";
		};
/* End PBXVariantGroup section */

/* Begin XCBuildConfiguration section */
		1B19262F25D206F2000B2035 /* Debug */ = {
			isa = XCBuildConfiguration;
			buildSettings = {
				ALWAYS_SEARCH_USER_PATHS = NO;
				CLANG_ANALYZER_NONNULL = YES;
				CLANG_ANALYZER_NUMBER_OBJECT_CONVERSION = YES_AGGRESSIVE;
				CLANG_CXX_LANGUAGE_STANDARD = "gnu++14";
				CLANG_CXX_LIBRARY = "libc++";
				CLANG_ENABLE_MODULES = YES;
				CLANG_ENABLE_OBJC_ARC = YES;
				CLANG_ENABLE_OBJC_WEAK = YES;
				CLANG_WARN_BLOCK_CAPTURE_AUTORELEASING = YES;
				CLANG_WARN_BOOL_CONVERSION = YES;
				CLANG_WARN_COMMA = YES;
				CLANG_WARN_CONSTANT_CONVERSION = YES;
				CLANG_WARN_DEPRECATED_OBJC_IMPLEMENTATIONS = YES;
				CLANG_WARN_DIRECT_OBJC_ISA_USAGE = YES_ERROR;
				CLANG_WARN_DOCUMENTATION_COMMENTS = YES;
				CLANG_WARN_EMPTY_BODY = YES;
				CLANG_WARN_ENUM_CONVERSION = YES;
				CLANG_WARN_INFINITE_RECURSION = YES;
				CLANG_WARN_INT_CONVERSION = YES;
				CLANG_WARN_NON_LITERAL_NULL_CONVERSION = YES;
				CLANG_WARN_OBJC_IMPLICIT_RETAIN_SELF = YES;
				CLANG_WARN_OBJC_LITERAL_CONVERSION = YES;
				CLANG_WARN_OBJC_ROOT_CLASS = YES_ERROR;
				CLANG_WARN_QUOTED_INCLUDE_IN_FRAMEWORK_HEADER = YES;
				CLANG_WARN_RANGE_LOOP_ANALYSIS = YES;
				CLANG_WARN_STRICT_PROTOTYPES = YES;
				CLANG_WARN_SUSPICIOUS_MOVE = YES;
				CLANG_WARN_UNGUARDED_AVAILABILITY = YES_AGGRESSIVE;
				CLANG_WARN_UNREACHABLE_CODE = YES;
				CLANG_WARN__DUPLICATE_METHOD_MATCH = YES;
				COPY_PHASE_STRIP = NO;
				DEBUG_INFORMATION_FORMAT = dwarf;
				ENABLE_STRICT_OBJC_MSGSEND = YES;
				ENABLE_TESTABILITY = YES;
				GCC_C_LANGUAGE_STANDARD = gnu11;
				GCC_DYNAMIC_NO_PIC = NO;
				GCC_NO_COMMON_BLOCKS = YES;
				GCC_OPTIMIZATION_LEVEL = 0;
				GCC_PREPROCESSOR_DEFINITIONS = (
					"DEBUG=1",
					"$(inherited)",
				);
				GCC_WARN_64_TO_32_BIT_CONVERSION = YES;
				GCC_WARN_ABOUT_RETURN_TYPE = YES_ERROR;
				GCC_WARN_UNDECLARED_SELECTOR = YES;
				GCC_WARN_UNINITIALIZED_AUTOS = YES_AGGRESSIVE;
				GCC_WARN_UNUSED_FUNCTION = YES;
				GCC_WARN_UNUSED_VARIABLE = YES;
				IPHONEOS_DEPLOYMENT_TARGET = 14.4;
				MTL_ENABLE_DEBUG_INFO = INCLUDE_SOURCE;
				MTL_FAST_MATH = YES;
				ONLY_ACTIVE_ARCH = YES;
				SDKROOT = iphoneos;
				SWIFT_ACTIVE_COMPILATION_CONDITIONS = DEBUG;
				SWIFT_OPTIMIZATION_LEVEL = "-Onone";
			};
			name = Debug;
		};
		1B19263025D206F2000B2035 /* Release */ = {
			isa = XCBuildConfiguration;
			buildSettings = {
				ALWAYS_SEARCH_USER_PATHS = NO;
				CLANG_ANALYZER_NONNULL = YES;
				CLANG_ANALYZER_NUMBER_OBJECT_CONVERSION = YES_AGGRESSIVE;
				CLANG_CXX_LANGUAGE_STANDARD = "gnu++14";
				CLANG_CXX_LIBRARY = "libc++";
				CLANG_ENABLE_MODULES = YES;
				CLANG_ENABLE_OBJC_ARC = YES;
				CLANG_ENABLE_OBJC_WEAK = YES;
				CLANG_WARN_BLOCK_CAPTURE_AUTORELEASING = YES;
				CLANG_WARN_BOOL_CONVERSION = YES;
				CLANG_WARN_COMMA = YES;
				CLANG_WARN_CONSTANT_CONVERSION = YES;
				CLANG_WARN_DEPRECATED_OBJC_IMPLEMENTATIONS = YES;
				CLANG_WARN_DIRECT_OBJC_ISA_USAGE = YES_ERROR;
				CLANG_WARN_DOCUMENTATION_COMMENTS = YES;
				CLANG_WARN_EMPTY_BODY = YES;
				CLANG_WARN_ENUM_CONVERSION = YES;
				CLANG_WARN_INFINITE_RECURSION = YES;
				CLANG_WARN_INT_CONVERSION = YES;
				CLANG_WARN_NON_LITERAL_NULL_CONVERSION = YES;
				CLANG_WARN_OBJC_IMPLICIT_RETAIN_SELF = YES;
				CLANG_WARN_OBJC_LITERAL_CONVERSION = YES;
				CLANG_WARN_OBJC_ROOT_CLASS = YES_ERROR;
				CLANG_WARN_QUOTED_INCLUDE_IN_FRAMEWORK_HEADER = YES;
				CLANG_WARN_RANGE_LOOP_ANALYSIS = YES;
				CLANG_WARN_STRICT_PROTOTYPES = YES;
				CLANG_WARN_SUSPICIOUS_MOVE = YES;
				CLANG_WARN_UNGUARDED_AVAILABILITY = YES_AGGRESSIVE;
				CLANG_WARN_UNREACHABLE_CODE = YES;
				CLANG_WARN__DUPLICATE_METHOD_MATCH = YES;
				COPY_PHASE_STRIP = NO;
				DEBUG_INFORMATION_FORMAT = "dwarf-with-dsym";
				ENABLE_NS_ASSERTIONS = NO;
				ENABLE_STRICT_OBJC_MSGSEND = YES;
				GCC_C_LANGUAGE_STANDARD = gnu11;
				GCC_NO_COMMON_BLOCKS = YES;
				GCC_WARN_64_TO_32_BIT_CONVERSION = YES;
				GCC_WARN_ABOUT_RETURN_TYPE = YES_ERROR;
				GCC_WARN_UNDECLARED_SELECTOR = YES;
				GCC_WARN_UNINITIALIZED_AUTOS = YES_AGGRESSIVE;
				GCC_WARN_UNUSED_FUNCTION = YES;
				GCC_WARN_UNUSED_VARIABLE = YES;
				IPHONEOS_DEPLOYMENT_TARGET = 14.4;
				MTL_ENABLE_DEBUG_INFO = NO;
				MTL_FAST_MATH = YES;
				SDKROOT = iphoneos;
				SWIFT_COMPILATION_MODE = wholemodule;
				SWIFT_OPTIMIZATION_LEVEL = "-O";
				VALIDATE_PRODUCT = YES;
			};
			name = Release;
		};
		1B19263225D206F2000B2035 /* Debug */ = {
			isa = XCBuildConfiguration;
			buildSettings = {
				ASSETCATALOG_COMPILER_APPICON_NAME = AppIcon;
				ASSETCATALOG_COMPILER_GLOBAL_ACCENT_COLOR_NAME = AccentColor;
				CODE_SIGN_STYLE = Automatic;
				DEVELOPMENT_TEAM = 4KT624V79W;
				INFOPLIST_FILE = GeekSeat/Info.plist;
				LD_RUNPATH_SEARCH_PATHS = (
					"$(inherited)",
					"@executable_path/Frameworks",
				);
				PRODUCT_BUNDLE_IDENTIFIER = com.benjamin5311.GeekSeat;
				PRODUCT_NAME = "$(TARGET_NAME)";
				SWIFT_VERSION = 5.0;
				TARGETED_DEVICE_FAMILY = "1,2";
			};
			name = Debug;
		};
		1B19263325D206F2000B2035 /* Release */ = {
			isa = XCBuildConfiguration;
			buildSettings = {
				ASSETCATALOG_COMPILER_APPICON_NAME = AppIcon;
				ASSETCATALOG_COMPILER_GLOBAL_ACCENT_COLOR_NAME = AccentColor;
				CODE_SIGN_STYLE = Automatic;
				DEVELOPMENT_TEAM = 4KT624V79W;
				INFOPLIST_FILE = GeekSeat/Info.plist;
				LD_RUNPATH_SEARCH_PATHS = (
					"$(inherited)",
					"@executable_path/Frameworks",
				);
				PRODUCT_BUNDLE_IDENTIFIER = com.benjamin5311.GeekSeat;
				PRODUCT_NAME = "$(TARGET_NAME)";
				SWIFT_VERSION = 5.0;
				TARGETED_DEVICE_FAMILY = "1,2";
			};
			name = Release;
		};
		1B19263525D206F2000B2035 /* Debug */ = {
			isa = XCBuildConfiguration;
			buildSettings = {
				ALWAYS_EMBED_SWIFT_STANDARD_LIBRARIES = YES;
				BUNDLE_LOADER = "$(TEST_HOST)";
				CODE_SIGN_STYLE = Automatic;
				DEVELOPMENT_TEAM = 4KT624V79W;
				INFOPLIST_FILE = GeekSeatTests/Info.plist;
				IPHONEOS_DEPLOYMENT_TARGET = 14.4;
				LD_RUNPATH_SEARCH_PATHS = (
					"$(inherited)",
					"@executable_path/Frameworks",
					"@loader_path/Frameworks",
				);
				PRODUCT_BUNDLE_IDENTIFIER = com.benjamin5311.GeekSeatTests;
				PRODUCT_NAME = "$(TARGET_NAME)";
				SWIFT_VERSION = 5.0;
				TARGETED_DEVICE_FAMILY = "1,2";
				TEST_HOST = "$(BUILT_PRODUCTS_DIR)/GeekSeat.app/GeekSeat";
			};
			name = Debug;
		};
		1B19263625D206F2000B2035 /* Release */ = {
			isa = XCBuildConfiguration;
			buildSettings = {
				ALWAYS_EMBED_SWIFT_STANDARD_LIBRARIES = YES;
				BUNDLE_LOADER = "$(TEST_HOST)";
				CODE_SIGN_STYLE = Automatic;
				DEVELOPMENT_TEAM = 4KT624V79W;
				INFOPLIST_FILE = GeekSeatTests/Info.plist;
				IPHONEOS_DEPLOYMENT_TARGET = 14.4;
				LD_RUNPATH_SEARCH_PATHS = (
					"$(inherited)",
					"@executable_path/Frameworks",
					"@loader_path/Frameworks",
				);
				PRODUCT_BUNDLE_IDENTIFIER = com.benjamin5311.GeekSeatTests;
				PRODUCT_NAME = "$(TARGET_NAME)";
				SWIFT_VERSION = 5.0;
				TARGETED_DEVICE_FAMILY = "1,2";
				TEST_HOST = "$(BUILT_PRODUCTS_DIR)/GeekSeat.app/GeekSeat";
			};
			name = Release;
		};
		1B19263825D206F2000B2035 /* Debug */ = {
			isa = XCBuildConfiguration;
			buildSettings = {
				ALWAYS_EMBED_SWIFT_STANDARD_LIBRARIES = YES;
				CODE_SIGN_STYLE = Automatic;
				DEVELOPMENT_TEAM = 4KT624V79W;
				INFOPLIST_FILE = GeekSeatUITests/Info.plist;
				LD_RUNPATH_SEARCH_PATHS = (
					"$(inherited)",
					"@executable_path/Frameworks",
					"@loader_path/Frameworks",
				);
				PRODUCT_BUNDLE_IDENTIFIER = com.benjamin5311.GeekSeatUITests;
				PRODUCT_NAME = "$(TARGET_NAME)";
				SWIFT_VERSION = 5.0;
				TARGETED_DEVICE_FAMILY = "1,2";
				TEST_TARGET_NAME = GeekSeat;
			};
			name = Debug;
		};
		1B19263925D206F2000B2035 /* Release */ = {
			isa = XCBuildConfiguration;
			buildSettings = {
				ALWAYS_EMBED_SWIFT_STANDARD_LIBRARIES = YES;
				CODE_SIGN_STYLE = Automatic;
				DEVELOPMENT_TEAM = 4KT624V79W;
				INFOPLIST_FILE = GeekSeatUITests/Info.plist;
				LD_RUNPATH_SEARCH_PATHS = (
					"$(inherited)",
					"@executable_path/Frameworks",
					"@loader_path/Frameworks",
				);
				PRODUCT_BUNDLE_IDENTIFIER = com.benjamin5311.GeekSeatUITests;
				PRODUCT_NAME = "$(TARGET_NAME)";
				SWIFT_VERSION = 5.0;
				TARGETED_DEVICE_FAMILY = "1,2";
				TEST_TARGET_NAME = GeekSeat;
			};
			name = Release;
		};
/* End XCBuildConfiguration section */

/* Begin XCConfigurationList section */
		1B1925FF25D206EF000B2035 /* Build configuration list for PBXProject "GeekSeat" */ = {
			isa = XCConfigurationList;
			buildConfigurations = (
				1B19262F25D206F2000B2035 /* Debug */,
				1B19263025D206F2000B2035 /* Release */,
			);
			defaultConfigurationIsVisible = 0;
			defaultConfigurationName = Release;
		};
		1B19263125D206F2000B2035 /* Build configuration list for PBXNativeTarget "GeekSeat" */ = {
			isa = XCConfigurationList;
			buildConfigurations = (
				1B19263225D206F2000B2035 /* Debug */,
				1B19263325D206F2000B2035 /* Release */,
			);
			defaultConfigurationIsVisible = 0;
			defaultConfigurationName = Release;
		};
		1B19263425D206F2000B2035 /* Build configuration list for PBXNativeTarget "GeekSeatTests" */ = {
			isa = XCConfigurationList;
			buildConfigurations = (
				1B19263525D206F2000B2035 /* Debug */,
				1B19263625D206F2000B2035 /* Release */,
			);
			defaultConfigurationIsVisible = 0;
			defaultConfigurationName = Release;
		};
		1B19263725D206F2000B2035 /* Build configuration list for PBXNativeTarget "GeekSeatUITests" */ = {
			isa = XCConfigurationList;
			buildConfigurations = (
				1B19263825D206F2000B2035 /* Debug */,
				1B19263925D206F2000B2035 /* Release */,
			);
			defaultConfigurationIsVisible = 0;
			defaultConfigurationName = Release;
		};
/* End XCConfigurationList section */

/* Begin XCVersionGroup section */
		1B19261025D206EF000B2035 /* GeekSeat.xcdatamodeld */ = {
			isa = XCVersionGroup;
			children = (
				1B19261125D206EF000B2035 /* GeekSeat.xcdatamodel */,
			);
			currentVersion = 1B19261125D206EF000B2035 /* GeekSeat.xcdatamodel */;
			path = GeekSeat.xcdatamodeld;
			sourceTree = "<group>";
			versionGroupType = wrapper.xcdatamodel;
		};
/* End XCVersionGroup section */
	};
	rootObject = 1B1925FC25D206EF000B2035 /* Project object */;
}
